// !$*UTF8*$!
{
	archiveVersion = 1;
	classes = {
	};
	objectVersion = 46;
	objects = {

/* Begin PBXBuildFile section */
		00EA155A1B40452C001C29B1 /* main.m in Sources */ = {isa = PBXBuildFile; fileRef = 00EA15591B40452C001C29B1 /* main.m */; };
		00EA155D1B40452C001C29B1 /* AppDelegate.m in Sources */ = {isa = PBXBuildFile; fileRef = 00EA155C1B40452C001C29B1 /* AppDelegate.m */; };
		00EA15601B40452C001C29B1 /* ViewController.m in Sources */ = {isa = PBXBuildFile; fileRef = 00EA155F1B40452C001C29B1 /* ViewController.m */; };
		00EA15631B40452C001C29B1 /* Main.storyboard in Resources */ = {isa = PBXBuildFile; fileRef = 00EA15611B40452C001C29B1 /* Main.storyboard */; };
		00EA15651B40452C001C29B1 /* Images.xcassets in Resources */ = {isa = PBXBuildFile; fileRef = 00EA15641B40452C001C29B1 /* Images.xcassets */; };
		00EA15681B40452C001C29B1 /* LaunchScreen.xib in Resources */ = {isa = PBXBuildFile; fileRef = 00EA15661B40452C001C29B1 /* LaunchScreen.xib */; };
		00EA15741B40452C001C29B1 /* SSImagePickerHelperTests.m in Sources */ = {isa = PBXBuildFile; fileRef = 00EA15731B40452C001C29B1 /* SSImagePickerHelperTests.m */; };
		00EA15821B4047E8001C29B1 /* SSImagePickerHelper.m in Sources */ = {isa = PBXBuildFile; fileRef = 00EA157F1B4047E8001C29B1 /* SSImagePickerHelper.m */; };
		00EA15831B4047E8001C29B1 /* UIImage+FixOrientation.m in Sources */ = {isa = PBXBuildFile; fileRef = 00EA15811B4047E8001C29B1 /* UIImage+FixOrientation.m */; };
/* End PBXBuildFile section */

/* Begin PBXContainerItemProxy section */
		00EA156E1B40452C001C29B1 /* PBXContainerItemProxy */ = {
			isa = PBXContainerItemProxy;
			containerPortal = 00EA154C1B40452C001C29B1 /* Project object */;
			proxyType = 1;
			remoteGlobalIDString = 00EA15531B40452C001C29B1;
			remoteInfo = SSImagePickerHelper;
		};
/* End PBXContainerItemProxy section */

/* Begin PBXFileReference section */
		00EA15541B40452C001C29B1 /* SSImagePickerHelper.app */ = {isa = PBXFileReference; explicitFileType = wrapper.application; includeInIndex = 0; path = SSImagePickerHelper.app; sourceTree = BUILT_PRODUCTS_DIR; };
		00EA15581B40452C001C29B1 /* Info.plist */ = {isa = PBXFileReference; lastKnownFileType = text.plist.xml; path = Info.plist; sourceTree = "<group>"; };
		00EA15591B40452C001C29B1 /* main.m */ = {isa = PBXFileReference; lastKnownFileType = sourcecode.c.objc; path = main.m; sourceTree = "<group>"; };
		00EA155B1B40452C001C29B1 /* AppDelegate.h */ = {isa = PBXFileReference; lastKnownFileType = sourcecode.c.h; path = AppDelegate.h; sourceTree = "<group>"; };
		00EA155C1B40452C001C29B1 /* AppDelegate.m */ = {isa = PBXFileReference; lastKnownFileType = sourcecode.c.objc; path = AppDelegate.m; sourceTree = "<group>"; };
		00EA155E1B40452C001C29B1 /* ViewController.h */ = {isa = PBXFileReference; lastKnownFileType = sourcecode.c.h; path = ViewController.h; sourceTree = "<group>"; };
		00EA155F1B40452C001C29B1 /* ViewController.m */ = {isa = PBXFileReference; lastKnownFileType = sourcecode.c.objc; path = ViewController.m; sourceTree = "<group>"; };
		00EA15621B40452C001C29B1 /* Base */ = {isa = PBXFileReference; lastKnownFileType = file.storyboard; name = Base; path = Base.lproj/Main.storyboard; sourceTree = "<group>"; };
		00EA15641B40452C001C29B1 /* Images.xcassets */ = {isa = PBXFileReference; lastKnownFileType = folder.assetcatalog; path = Images.xcassets; sourceTree = "<group>"; };
		00EA15671B40452C001C29B1 /* Base */ = {isa = PBXFileReference; lastKnownFileType = file.xib; name = Base; path = Base.lproj/LaunchScreen.xib; sourceTree = "<group>"; };
		00EA156D1B40452C001C29B1 /* SSImagePickerHelperTests.xctest */ = {isa = PBXFileReference; explicitFileType = wrapper.cfbundle; includeInIndex = 0; path = SSImagePickerHelperTests.xctest; sourceTree = BUILT_PRODUCTS_DIR; };
		00EA15721B40452C001C29B1 /* Info.plist */ = {isa = PBXFileReference; lastKnownFileType = text.plist.xml; path = Info.plist; sourceTree = "<group>"; };
		00EA15731B40452C001C29B1 /* SSImagePickerHelperTests.m */ = {isa = PBXFileReference; lastKnownFileType = sourcecode.c.objc; path = SSImagePickerHelperTests.m; sourceTree = "<group>"; };
		00EA157E1B4047E8001C29B1 /* SSImagePickerHelper.h */ = {isa = PBXFileReference; fileEncoding = 4; lastKnownFileType = sourcecode.c.h; path = SSImagePickerHelper.h; sourceTree = "<group>"; };
		00EA157F1B4047E8001C29B1 /* SSImagePickerHelper.m */ = {isa = PBXFileReference; fileEncoding = 4; lastKnownFileType = sourcecode.c.objc; path = SSImagePickerHelper.m; sourceTree = "<group>"; };
		00EA15801B4047E8001C29B1 /* UIImage+FixOrientation.h */ = {isa = PBXFileReference; fileEncoding = 4; lastKnownFileType = sourcecode.c.h; path = "UIImage+FixOrientation.h"; sourceTree = "<group>"; };
		00EA15811B4047E8001C29B1 /* UIImage+FixOrientation.m */ = {isa = PBXFileReference; fileEncoding = 4; lastKnownFileType = sourcecode.c.objc; path = "UIImage+FixOrientation.m"; sourceTree = "<group>"; };
/* End PBXFileReference section */

/* Begin PBXFrameworksBuildPhase section */
		00EA15511B40452C001C29B1 /* Frameworks */ = {
			isa = PBXFrameworksBuildPhase;
			buildActionMask = 2147483647;
			files = (
			);
			runOnlyForDeploymentPostprocessing = 0;
		};
		00EA156A1B40452C001C29B1 /* Frameworks */ = {
			isa = PBXFrameworksBuildPhase;
			buildActionMask = 2147483647;
			files = (
			);
			runOnlyForDeploymentPostprocessing = 0;
		};
/* End PBXFrameworksBuildPhase section */

/* Begin PBXGroup section */
		00EA154B1B40452C001C29B1 = {
			isa = PBXGroup;
			children = (
				00EA15561B40452C001C29B1 /* SSImagePickerHelper */,
				00EA15701B40452C001C29B1 /* SSImagePickerHelperTests */,
				00EA15551B40452C001C29B1 /* Products */,
			);
			sourceTree = "<group>";
		};
		00EA15551B40452C001C29B1 /* Products */ = {
			isa = PBXGroup;
			children = (
				00EA15541B40452C001C29B1 /* SSImagePickerHelper.app */,
				00EA156D1B40452C001C29B1 /* SSImagePickerHelperTests.xctest */,
			);
			name = Products;
			sourceTree = "<group>";
		};
		00EA15561B40452C001C29B1 /* SSImagePickerHelper */ = {
			isa = PBXGroup;
			children = (
				00EA157D1B4047E8001C29B1 /* SSImagePickerHelper */,
				00EA155B1B40452C001C29B1 /* AppDelegate.h */,
				00EA155C1B40452C001C29B1 /* AppDelegate.m */,
				00EA155E1B40452C001C29B1 /* ViewController.h */,
				00EA155F1B40452C001C29B1 /* ViewController.m */,
				00EA15611B40452C001C29B1 /* Main.storyboard */,
				00EA15641B40452C001C29B1 /* Images.xcassets */,
				00EA15661B40452C001C29B1 /* LaunchScreen.xib */,
				00EA15571B40452C001C29B1 /* Supporting Files */,
			);
			path = SSImagePickerHelper;
			sourceTree = "<group>";
		};
		00EA15571B40452C001C29B1 /* Supporting Files */ = {
			isa = PBXGroup;
			children = (
				00EA15581B40452C001C29B1 /* Info.plist */,
				00EA15591B40452C001C29B1 /* main.m */,
			);
			name = "Supporting Files";
			sourceTree = "<group>";
		};
		00EA15701B40452C001C29B1 /* SSImagePickerHelperTests */ = {
			isa = PBXGroup;
			children = (
				00EA15731B40452C001C29B1 /* SSImagePickerHelperTests.m */,
				00EA15711B40452C001C29B1 /* Supporting Files */,
			);
			path = SSImagePickerHelperTests;
			sourceTree = "<group>";
		};
		00EA15711B40452C001C29B1 /* Supporting Files */ = {
			isa = PBXGroup;
			children = (
				00EA15721B40452C001C29B1 /* Info.plist */,
			);
			name = "Supporting Files";
			sourceTree = "<group>";
		};
		00EA157D1B4047E8001C29B1 /* SSImagePickerHelper */ = {
			isa = PBXGroup;
			children = (
				00EA157E1B4047E8001C29B1 /* SSImagePickerHelper.h */,
				00EA157F1B4047E8001C29B1 /* SSImagePickerHelper.m */,
				00EA15801B4047E8001C29B1 /* UIImage+FixOrientation.h */,
				00EA15811B4047E8001C29B1 /* UIImage+FixOrientation.m */,
			);
			path = SSImagePickerHelper;
			sourceTree = "<group>";
		};
/* End PBXGroup section */

/* Begin PBXNativeTarget section */
		00EA15531B40452C001C29B1 /* SSImagePickerHelper */ = {
			isa = PBXNativeTarget;
			buildConfigurationList = 00EA15771B40452C001C29B1 /* Build configuration list for PBXNativeTarget "SSImagePickerHelper" */;
			buildPhases = (
				00EA15501B40452C001C29B1 /* Sources */,
				00EA15511B40452C001C29B1 /* Frameworks */,
				00EA15521B40452C001C29B1 /* Resources */,
			);
			buildRules = (
			);
			dependencies = (
			);
			name = SSImagePickerHelper;
			productName = SSImagePickerHelper;
			productReference = 00EA15541B40452C001C29B1 /* SSImagePickerHelper.app */;
			productType = "com.apple.product-type.application";
		};
		00EA156C1B40452C001C29B1 /* SSImagePickerHelperTests */ = {
			isa = PBXNativeTarget;
			buildConfigurationList = 00EA157A1B40452C001C29B1 /* Build configuration list for PBXNativeTarget "SSImagePickerHelperTests" */;
			buildPhases = (
				00EA15691B40452C001C29B1 /* Sources */,
				00EA156A1B40452C001C29B1 /* Frameworks */,
				00EA156B1B40452C001C29B1 /* Resources */,
			);
			buildRules = (
			);
			dependencies = (
				00EA156F1B40452C001C29B1 /* PBXTargetDependency */,
			);
			name = SSImagePickerHelperTests;
			productName = SSImagePickerHelperTests;
			productReference = 00EA156D1B40452C001C29B1 /* SSImagePickerHelperTests.xctest */;
			productType = "com.apple.product-type.bundle.unit-test";
		};
/* End PBXNativeTarget section */

/* Begin PBXProject section */
		00EA154C1B40452C001C29B1 /* Project object */ = {
			isa = PBXProject;
			attributes = {
				LastUpgradeCheck = 0630;
				ORGANIZATIONNAME = "SINOFAKE SINEP";
				TargetAttributes = {
					00EA15531B40452C001C29B1 = {
						CreatedOnToolsVersion = 6.3.2;
					};
					00EA156C1B40452C001C29B1 = {
						CreatedOnToolsVersion = 6.3.2;
						TestTargetID = 00EA15531B40452C001C29B1;
					};
				};
			};
			buildConfigurationList = 00EA154F1B40452C001C29B1 /* Build configuration list for PBXProject "SSImagePickerHelper" */;
			compatibilityVersion = "Xcode 3.2";
			developmentRegion = English;
			hasScannedForEncodings = 0;
			knownRegions = (
				en,
				Base,
			);
			mainGroup = 00EA154B1B40452C001C29B1;
			productRefGroup = 00EA15551B40452C001C29B1 /* Products */;
			projectDirPath = "";
			projectRoot = "";
			targets = (
				00EA15531B40452C001C29B1 /* SSImagePickerHelper */,
				00EA156C1B40452C001C29B1 /* SSImagePickerHelperTests */,
			);
		};
/* End PBXProject section */

/* Begin PBXResourcesBuildPhase section */
		00EA15521B40452C001C29B1 /* Resources */ = {
			isa = PBXResourcesBuildPhase;
			buildActionMask = 2147483647;
			files = (
				00EA15631B40452C001C29B1 /* Main.storyboard in Resources */,
				00EA15681B40452C001C29B1 /* LaunchScreen.xib in Resources */,
				00EA15651B40452C001C29B1 /* Images.xcassets in Resources */,
			);
			runOnlyForDeploymentPostprocessing = 0;
		};
		00EA156B1B40452C001C29B1 /* Resources */ = {
			isa = PBXResourcesBuildPhase;
			buildActionMask = 2147483647;
			files = (
			);
			runOnlyForDeploymentPostprocessing = 0;
		};
/* End PBXResourcesBuildPhase section */

/* Begin PBXSourcesBuildPhase section */
		00EA15501B40452C001C29B1 /* Sources */ = {
			isa = PBXSourcesBuildPhase;
			buildActionMask = 2147483647;
			files = (
				00EA15601B40452C001C29B1 /* ViewController.m in Sources */,
				00EA155D1B40452C001C29B1 /* AppDelegate.m in Sources */,
				00EA155A1B40452C001C29B1 /* main.m in Sources */,
				00EA15831B4047E8001C29B1 /* UIImage+FixOrientation.m in Sources */,
				00EA15821B4047E8001C29B1 /* SSImagePickerHelper.m in Sources */,
			);
			runOnlyForDeploymentPostprocessing = 0;
		};
		00EA15691B40452C001C29B1 /* Sources */ = {
			isa = PBXSourcesBuildPhase;
			buildActionMask = 2147483647;
			files = (
				00EA15741B40452C001C29B1 /* SSImagePickerHelperTests.m in Sources */,
			);
			runOnlyForDeploymentPostprocessing = 0;
		};
/* End PBXSourcesBuildPhase section */

/* Begin PBXTargetDependency section */
		00EA156F1B40452C001C29B1 /* PBXTargetDependency */ = {
			isa = PBXTargetDependency;
			target = 00EA15531B40452C001C29B1 /* SSImagePickerHelper */;
			targetProxy = 00EA156E1B40452C001C29B1 /* PBXContainerItemProxy */;
		};
/* End PBXTargetDependency section */

/* Begin PBXVariantGroup section */
		00EA15611B40452C001C29B1 /* Main.storyboard */ = {
			isa = PBXVariantGroup;
			children = (
				00EA15621B40452C001C29B1 /* Base */,
			);
			name = Main.storyboard;
			sourceTree = "<group>";
		};
		00EA15661B40452C001C29B1 /* LaunchScreen.xib */ = {
			isa = PBXVariantGroup;
			children = (
				00EA15671B40452C001C29B1 /* Base */,
			);
			name = LaunchScreen.xib;
			sourceTree = "<group>";
		};
/* End PBXVariantGroup section */

/* Begin XCBuildConfiguration section */
		00EA15751B40452C001C29B1 /* Debug */ = {
			isa = XCBuildConfiguration;
			buildSettings = {
				ALWAYS_SEARCH_USER_PATHS = NO;
				CLANG_CXX_LANGUAGE_STANDARD = "gnu++0x";
				CLANG_CXX_LIBRARY = "libc++";
				CLANG_ENABLE_MODULES = YES;
				CLANG_ENABLE_OBJC_ARC = YES;
				CLANG_WARN_BOOL_CONVERSION = YES;
				CLANG_WARN_CONSTANT_CONVERSION = YES;
				CLANG_WARN_DIRECT_OBJC_ISA_USAGE = YES_ERROR;
				CLANG_WARN_EMPTY_BODY = YES;
				CLANG_WARN_ENUM_CONVERSION = YES;
				CLANG_WARN_INT_CONVERSION = YES;
				CLANG_WARN_OBJC_ROOT_CLASS = YES_ERROR;
				CLANG_WARN_UNREACHABLE_CODE = YES;
				CLANG_WARN__DUPLICATE_METHOD_MATCH = YES;
				"CODE_SIGN_IDENTITY[sdk=iphoneos*]" = "iPhone Developer";
				COPY_PHASE_STRIP = NO;
				DEBUG_INFORMATION_FORMAT = "dwarf-with-dsym";
				ENABLE_STRICT_OBJC_MSGSEND = YES;
				GCC_C_LANGUAGE_STANDARD = gnu99;
				GCC_DYNAMIC_NO_PIC = NO;
				GCC_NO_COMMON_BLOCKS = YES;
				GCC_OPTIMIZATION_LEVEL = 0;
				GCC_PREPROCESSOR_DEFINITIONS = (
					"DEBUG=1",
					"$(inherited)",
				);
				GCC_SYMBOLS_PRIVATE_EXTERN = NO;
				GCC_WARN_64_TO_32_BIT_CONVERSION = YES;
				GCC_WARN_ABOUT_RETURN_TYPE = YES_ERROR;
				GCC_WARN_UNDECLARED_SELECTOR = YES;
				GCC_WARN_UNINITIALIZED_AUTOS = YES_AGGRESSIVE;
				GCC_WARN_UNUSED_FUNCTION = YES;
				GCC_WARN_UNUSED_VARIABLE = YES;
				IPHONEOS_DEPLOYMENT_TARGET = 8.3;
				MTL_ENABLE_DEBUG_INFO = YES;
				ONLY_ACTIVE_ARCH = YES;
				SDKROOT = iphoneos;
			};
			name = Debug;
		};
		00EA15761B40452C001C29B1 /* Release */ = {
			isa = XCBuildConfiguration;
			buildSettings = {
				ALWAYS_SEARCH_USER_PATHS = NO;
				CLANG_CXX_LANGUAGE_STANDARD = "gnu++0x";
				CLANG_CXX_LIBRARY = "libc++";
				CLANG_ENABLE_MODULES = YES;
				CLANG_ENABLE_OBJC_ARC = YES;
				CLANG_WARN_BOOL_CONVERSION = YES;
				CLANG_WARN_CONSTANT_CONVERSION = YES;
				CLANG_WARN_DIRECT_OBJC_ISA_USAGE = YES_ERROR;
				CLANG_WARN_EMPTY_BODY = YES;
				CLANG_WARN_ENUM_CONVERSION = YES;
				CLANG_WARN_INT_CONVERSION = YES;
				CLANG_WARN_OBJC_ROOT_CLASS = YES_ERROR;
				CLANG_WARN_UNREACHABLE_CODE = YES;
				CLANG_WARN__DUPLICATE_METHOD_MATCH = YES;
				"CODE_SIGN_IDENTITY[sdk=iphoneos*]" = "iPhone Developer";
				COPY_PHASE_STRIP = NO;
				DEBUG_INFORMATION_FORMAT = "dwarf-with-dsym";
				ENABLE_NS_ASSERTIONS = NO;
				ENABLE_STRICT_OBJC_MSGSEND = YES;
				GCC_C_LANGUAGE_STANDARD = gnu99;
				GCC_NO_COMMON_BLOCKS = YES;
				GCC_WARN_64_TO_32_BIT_CONVERSION = YES;
				GCC_WARN_ABOUT_RETURN_TYPE = YES_ERROR;
				GCC_WARN_UNDECLARED_SELECTOR = YES;
				GCC_WARN_UNINITIALIZED_AUTOS = YES_AGGRESSIVE;
				GCC_WARN_UNUSED_FUNCTION = YES;
				GCC_WARN_UNUSED_VARIABLE = YES;
				IPHONEOS_DEPLOYMENT_TARGET = 8.3;
				MTL_ENABLE_DEBUG_INFO = NO;
				SDKROOT = iphoneos;
				VALIDATE_PRODUCT = YES;
			};
			name = Release;
		};
		00EA15781B40452C001C29B1 /* Debug */ = {
			isa = XCBuildConfiguration;
			buildSettings = {
				ASSETCATALOG_COMPILER_APPICON_NAME = AppIcon;
				INFOPLIST_FILE = SSImagePickerHelper/Info.plist;
				LD_RUNPATH_SEARCH_PATHS = "$(inherited) @executable_path/Frameworks";
				PRODUCT_NAME = "$(TARGET_NAME)";
			};
			name = Debug;
		};
		00EA15791B40452C001C29B1 /* Release */ = {
			isa = XCBuildConfiguration;
			buildSettings = {
				ASSETCATALOG_COMPILER_APPICON_NAME = AppIcon;
				INFOPLIST_FILE = SSImagePickerHelper/Info.plist;
				LD_RUNPATH_SEARCH_PATHS = "$(inherited) @executable_path/Frameworks";
				PRODUCT_NAME = "$(TARGET_NAME)";
			};
			name = Release;
		};
		00EA157B1B40452C001C29B1 /* Debug */ = {
			isa = XCBuildConfiguration;
			buildSettings = {
				BUNDLE_LOADER = "$(TEST_HOST)";
				FRAMEWORK_SEARCH_PATHS = (
					"$(SDKROOT)/Developer/Library/Frameworks",
					"$(inherited)",
				);
				GCC_PREPROCESSOR_DEFINITIONS = (
					"DEBUG=1",
					"$(inherited)",
				);
				INFOPLIST_FILE = SSImagePickerHelperTests/Info.plist;
				LD_RUNPATH_SEARCH_PATHS = "$(inherited) @executable_path/Frameworks @loader_path/Frameworks";
				PRODUCT_NAME = "$(TARGET_NAME)";
				TEST_HOST = "$(BUILT_PRODUCTS_DIR)/SSImagePickerHelper.app/SSImagePickerHelper";
			};
			name = Debug;
		};
		00EA157C1B40452C001C29B1 /* Release */ = {
			isa = XCBuildConfiguration;
			buildSettings = {
				BUNDLE_LOADER = "$(TEST_HOST)";
				FRAMEWORK_SEARCH_PATHS = (
					"$(SDKROOT)/Developer/Library/Frameworks",
					"$(inherited)",
				);
				INFOPLIST_FILE = SSImagePickerHelperTests/Info.plist;
				LD_RUNPATH_SEARCH_PATHS = "$(inherited) @executable_path/Frameworks @loader_path/Frameworks";
				PRODUCT_NAME = "$(TARGET_NAME)";
				TEST_HOST = "$(BUILT_PRODUCTS_DIR)/SSImagePickerHelper.app/SSImagePickerHelper";
			};
			name = Release;
		};
/* End XCBuildConfiguration section */

/* Begin XCConfigurationList section */
		00EA154F1B40452C001C29B1 /* Build configuration list for PBXProject "SSImagePickerHelper" */ = {
			isa = XCConfigurationList;
			buildConfigurations = (
				00EA15751B40452C001C29B1 /* Debug */,
				00EA15761B40452C001C29B1 /* Release */,
			);
			defaultConfigurationIsVisible = 0;
			defaultConfigurationName = Release;
		};
		00EA15771B40452C001C29B1 /* Build configuration list for PBXNativeTarget "SSImagePickerHelper" */ = {
			isa = XCConfigurationList;
			buildConfigurations = (
				00EA15781B40452C001C29B1 /* Debug */,
				00EA15791B40452C001C29B1 /* Release */,
			);
			defaultConfigurationIsVisible = 0;
			defaultConfigurationName = Release;
		};
		00EA157A1B40452C001C29B1 /* Build configuration list for PBXNativeTarget "SSImagePickerHelperTests" */ = {
			isa = XCConfigurationList;
			buildConfigurations = (
				00EA157B1B40452C001C29B1 /* Debug */,
				00EA157C1B40452C001C29B1 /* Release */,
			);
			defaultConfigurationIsVisible = 0;
			defaultConfigurationName = Release;
		};
/* End XCConfigurationList section */
	};
	rootObject = 00EA154C1B40452C001C29B1 /* Project object */;
}
